
Microsoft Visual Studio Solution File, Format Version 12.00
# Visual Studio Version 16
VisualStudioVersion = 16.0.29424.173
MinimumVisualStudioVersion = 10.0.40219.1
Project("{2150E333-8FDC-42A3-9474-1A3956D46DE8}") = "src", "src", "{D744DD7C-E3EA-469E-9855-0B3C857091AA}"
EndProject
Project("{2150E333-8FDC-42A3-9474-1A3956D46DE8}") = "test", "test", "{C19C0048-E17E-47D5-95F8-96DF0B97076A}"
EndProject
Project("{9A19103F-16F7-4668-BE54-9A1E7A4F7556}") = "AppCore", "src\AppCore\AppCore.csproj", "{E4B936C1-19DF-4B74-8BAD-F17FA5C1B124}"
EndProject
Project("{9A19103F-16F7-4668-BE54-9A1E7A4F7556}") = "AppCore.Orm", "src\AppCore.Orm\AppCore.Orm.csproj", "{D8697092-A27A-4FDC-97D0-9345AB3D740D}"
EndProject
Project("{9A19103F-16F7-4668-BE54-9A1E7A4F7556}") = "AppCore.Orm.EntityFramework", "src\AppCore.Orm.EntityFramework\AppCore.Orm.EntityFramework.csproj", "{3EFAC0F4-1479-47B5-9F06-5F6F2253079D}"
EndProject
Project("{9A19103F-16F7-4668-BE54-9A1E7A4F7556}") = "AppCore.Orm.EntityFramework.Test", "test\AppCore.Orm.EntityFramework.Test\AppCore.Orm.EntityFramework.Test.csproj", "{340A1DF1-6D06-4734-B594-9798CD36DFB6}"
EndProject
Project("{9A19103F-16F7-4668-BE54-9A1E7A4F7556}") = "AppCore.DDD", "src\AppCore.DDD\AppCore.DDD.csproj", "{8E8A4A5C-E9A9-497A-9494-BAE897F8A1D6}"
EndProject
Project("{9A19103F-16F7-4668-BE54-9A1E7A4F7556}") = "AppCore.DDD.Test", "test\AppCore.DDD.Test\AppCore.DDD.Test.csproj", "{6EB01FC4-087C-42B5-A88B-CE9A1731EF55}"
EndProject
Project("{9A19103F-16F7-4668-BE54-9A1E7A4F7556}") = "AppCore.Mapper", "src\AppCore.Mapper\AppCore.Mapper.csproj", "{B23940CA-9C24-4755-BC99-BA5F818D60B6}"
EndProject
Project("{9A19103F-16F7-4668-BE54-9A1E7A4F7556}") = "AppCore.Mapper.AutoMapper", "src\AppCore.Mapper.AutoMapper\AppCore.Mapper.AutoMapper.csproj", "{9550FB79-A0F0-429F-9077-CDEAC7CE95DF}"
EndProject
Project("{9A19103F-16F7-4668-BE54-9A1E7A4F7556}") = "AppCore.Mapper.AutoMapper.Test", "test\AppCore.Mapper.AutoMapper.Test\AppCore.Mapper.AutoMapper.Test.csproj", "{D80B273E-DA29-4E3F-AF2D-9250181EB754}"
EndProject
Project("{9A19103F-16F7-4668-BE54-9A1E7A4F7556}") = "AppCore.Mapper.Mapster", "src\AppCore.Mapper.Mapster\AppCore.Mapper.Mapster.csproj", "{240E7826-093D-41DD-B743-DC54915A2C94}"
EndProject
Project("{9A19103F-16F7-4668-BE54-9A1E7A4F7556}") = "AppCore.Mapper.Mapster.Test", "test\AppCore.Mapper.Mapster.Test\AppCore.Mapper.Mapster.Test.csproj", "{3B9F5478-2B43-45F0-A941-D9FE8F37DE76}"
EndProject
Project("{9A19103F-16F7-4668-BE54-9A1E7A4F7556}") = "AppCore.Orm.Nhibernate", "src\AppCore.Orm.Nhibernate\AppCore.Orm.Nhibernate.csproj", "{8F66CFA7-FB2D-4FFA-A57D-1E7DD2F3F6CE}"
EndProject
Project("{9A19103F-16F7-4668-BE54-9A1E7A4F7556}") = "AppCore.Orm.Nhibernate.Test", "test\AppCore.Orm.Nhibernate.Test\AppCore.Orm.Nhibernate.Test.csproj", "{514A4122-7165-435D-AFBC-059043AE796E}"
EndProject
Project("{FAE04EC0-301F-11D3-BF4B-00C04F79EFBC}") = "AppCore.MongoDB", "src\AppCore.MongoDB\AppCore.MongoDB.csproj", "{8E0C2B02-0C9C-4F53-9C32-048D8D23FE06}"
EndProject
Project("{FAE04EC0-301F-11D3-BF4B-00C04F79EFBC}") = "AppCore.MongoDB.Test", "test\AppCore.MongoDB.Test\AppCore.MongoDB.Test.csproj", "{A8C1CDC1-FBD5-4D3C-A68E-25E755E20C23}"
EndProject
Global
	GlobalSection(SolutionConfigurationPlatforms) = preSolution
		Debug|Any CPU = Debug|Any CPU
		Release|Any CPU = Release|Any CPU
	EndGlobalSection
	GlobalSection(ProjectConfigurationPlatforms) = postSolution
		{E4B936C1-19DF-4B74-8BAD-F17FA5C1B124}.Debug|Any CPU.ActiveCfg = Debug|Any CPU
		{E4B936C1-19DF-4B74-8BAD-F17FA5C1B124}.Debug|Any CPU.Build.0 = Debug|Any CPU
		{E4B936C1-19DF-4B74-8BAD-F17FA5C1B124}.Release|Any CPU.ActiveCfg = Release|Any CPU
		{E4B936C1-19DF-4B74-8BAD-F17FA5C1B124}.Release|Any CPU.Build.0 = Release|Any CPU
		{D8697092-A27A-4FDC-97D0-9345AB3D740D}.Debug|Any CPU.ActiveCfg = Debug|Any CPU
		{D8697092-A27A-4FDC-97D0-9345AB3D740D}.Debug|Any CPU.Build.0 = Debug|Any CPU
		{D8697092-A27A-4FDC-97D0-9345AB3D740D}.Release|Any CPU.ActiveCfg = Release|Any CPU
		{D8697092-A27A-4FDC-97D0-9345AB3D740D}.Release|Any CPU.Build.0 = Release|Any CPU
		{3EFAC0F4-1479-47B5-9F06-5F6F2253079D}.Debug|Any CPU.ActiveCfg = Debug|Any CPU
		{3EFAC0F4-1479-47B5-9F06-5F6F2253079D}.Debug|Any CPU.Build.0 = Debug|Any CPU
		{3EFAC0F4-1479-47B5-9F06-5F6F2253079D}.Release|Any CPU.ActiveCfg = Release|Any CPU
		{3EFAC0F4-1479-47B5-9F06-5F6F2253079D}.Release|Any CPU.Build.0 = Release|Any CPU
		{340A1DF1-6D06-4734-B594-9798CD36DFB6}.Debug|Any CPU.ActiveCfg = Debug|Any CPU
		{340A1DF1-6D06-4734-B594-9798CD36DFB6}.Debug|Any CPU.Build.0 = Debug|Any CPU
		{340A1DF1-6D06-4734-B594-9798CD36DFB6}.Release|Any CPU.ActiveCfg = Release|Any CPU
		{340A1DF1-6D06-4734-B594-9798CD36DFB6}.Release|Any CPU.Build.0 = Release|Any CPU
		{8E8A4A5C-E9A9-497A-9494-BAE897F8A1D6}.Debug|Any CPU.ActiveCfg = Debug|Any CPU
		{8E8A4A5C-E9A9-497A-9494-BAE897F8A1D6}.Debug|Any CPU.Build.0 = Debug|Any CPU
		{8E8A4A5C-E9A9-497A-9494-BAE897F8A1D6}.Release|Any CPU.ActiveCfg = Release|Any CPU
		{8E8A4A5C-E9A9-497A-9494-BAE897F8A1D6}.Release|Any CPU.Build.0 = Release|Any CPU
		{6EB01FC4-087C-42B5-A88B-CE9A1731EF55}.Debug|Any CPU.ActiveCfg = Debug|Any CPU
		{6EB01FC4-087C-42B5-A88B-CE9A1731EF55}.Debug|Any CPU.Build.0 = Debug|Any CPU
		{6EB01FC4-087C-42B5-A88B-CE9A1731EF55}.Release|Any CPU.ActiveCfg = Release|Any CPU
		{6EB01FC4-087C-42B5-A88B-CE9A1731EF55}.Release|Any CPU.Build.0 = Release|Any CPU
		{B23940CA-9C24-4755-BC99-BA5F818D60B6}.Debug|Any CPU.ActiveCfg = Debug|Any CPU
		{B23940CA-9C24-4755-BC99-BA5F818D60B6}.Debug|Any CPU.Build.0 = Debug|Any CPU
		{B23940CA-9C24-4755-BC99-BA5F818D60B6}.Release|Any CPU.ActiveCfg = Release|Any CPU
		{B23940CA-9C24-4755-BC99-BA5F818D60B6}.Release|Any CPU.Build.0 = Release|Any CPU
		{9550FB79-A0F0-429F-9077-CDEAC7CE95DF}.Debug|Any CPU.ActiveCfg = Debug|Any CPU
		{9550FB79-A0F0-429F-9077-CDEAC7CE95DF}.Debug|Any CPU.Build.0 = Debug|Any CPU
		{9550FB79-A0F0-429F-9077-CDEAC7CE95DF}.Release|Any CPU.ActiveCfg = Release|Any CPU
		{9550FB79-A0F0-429F-9077-CDEAC7CE95DF}.Release|Any CPU.Build.0 = Release|Any CPU
		{D80B273E-DA29-4E3F-AF2D-9250181EB754}.Debug|Any CPU.ActiveCfg = Debug|Any CPU
		{D80B273E-DA29-4E3F-AF2D-9250181EB754}.Debug|Any CPU.Build.0 = Debug|Any CPU
		{D80B273E-DA29-4E3F-AF2D-9250181EB754}.Release|Any CPU.ActiveCfg = Release|Any CPU
		{D80B273E-DA29-4E3F-AF2D-9250181EB754}.Release|Any CPU.Build.0 = Release|Any CPU
		{240E7826-093D-41DD-B743-DC54915A2C94}.Debug|Any CPU.ActiveCfg = Debug|Any CPU
		{240E7826-093D-41DD-B743-DC54915A2C94}.Debug|Any CPU.Build.0 = Debug|Any CPU
		{240E7826-093D-41DD-B743-DC54915A2C94}.Release|Any CPU.ActiveCfg = Release|Any CPU
		{240E7826-093D-41DD-B743-DC54915A2C94}.Release|Any CPU.Build.0 = Release|Any CPU
		{3B9F5478-2B43-45F0-A941-D9FE8F37DE76}.Debug|Any CPU.ActiveCfg = Debug|Any CPU
		{3B9F5478-2B43-45F0-A941-D9FE8F37DE76}.Debug|Any CPU.Build.0 = Debug|Any CPU
		{3B9F5478-2B43-45F0-A941-D9FE8F37DE76}.Release|Any CPU.ActiveCfg = Release|Any CPU
		{3B9F5478-2B43-45F0-A941-D9FE8F37DE76}.Release|Any CPU.Build.0 = Release|Any CPU
		{8F66CFA7-FB2D-4FFA-A57D-1E7DD2F3F6CE}.Debug|Any CPU.ActiveCfg = Debug|Any CPU
		{8F66CFA7-FB2D-4FFA-A57D-1E7DD2F3F6CE}.Debug|Any CPU.Build.0 = Debug|Any CPU
		{8F66CFA7-FB2D-4FFA-A57D-1E7DD2F3F6CE}.Release|Any CPU.ActiveCfg = Release|Any CPU
		{8F66CFA7-FB2D-4FFA-A57D-1E7DD2F3F6CE}.Release|Any CPU.Build.0 = Release|Any CPU
		{514A4122-7165-435D-AFBC-059043AE796E}.Debug|Any CPU.ActiveCfg = Debug|Any CPU
		{514A4122-7165-435D-AFBC-059043AE796E}.Debug|Any CPU.Build.0 = Debug|Any CPU
		{514A4122-7165-435D-AFBC-059043AE796E}.Release|Any CPU.ActiveCfg = Release|Any CPU
		{514A4122-7165-435D-AFBC-059043AE796E}.Release|Any CPU.Build.0 = Release|Any CPU
		{8E0C2B02-0C9C-4F53-9C32-048D8D23FE06}.Debug|Any CPU.ActiveCfg = Debug|Any CPU
		{8E0C2B02-0C9C-4F53-9C32-048D8D23FE06}.Debug|Any CPU.Build.0 = Debug|Any CPU
		{8E0C2B02-0C9C-4F53-9C32-048D8D23FE06}.Release|Any CPU.ActiveCfg = Release|Any CPU
		{8E0C2B02-0C9C-4F53-9C32-048D8D23FE06}.Release|Any CPU.Build.0 = Release|Any CPU
		{A8C1CDC1-FBD5-4D3C-A68E-25E755E20C23}.Debug|Any CPU.ActiveCfg = Debug|Any CPU
		{A8C1CDC1-FBD5-4D3C-A68E-25E755E20C23}.Debug|Any CPU.Build.0 = Debug|Any CPU
		{A8C1CDC1-FBD5-4D3C-A68E-25E755E20C23}.Release|Any CPU.ActiveCfg = Release|Any CPU
		{A8C1CDC1-FBD5-4D3C-A68E-25E755E20C23}.Release|Any CPU.Build.0 = Release|Any CPU
	EndGlobalSection
	GlobalSection(SolutionProperties) = preSolution
		HideSolutionNode = FALSE
	EndGlobalSection
	GlobalSection(NestedProjects) = preSolution
		{E4B936C1-19DF-4B74-8BAD-F17FA5C1B124} = {D744DD7C-E3EA-469E-9855-0B3C857091AA}
		{D8697092-A27A-4FDC-97D0-9345AB3D740D} = {D744DD7C-E3EA-469E-9855-0B3C857091AA}
		{3EFAC0F4-1479-47B5-9F06-5F6F2253079D} = {D744DD7C-E3EA-469E-9855-0B3C857091AA}
		{340A1DF1-6D06-4734-B594-9798CD36DFB6} = {C19C0048-E17E-47D5-95F8-96DF0B97076A}
		{8E8A4A5C-E9A9-497A-9494-BAE897F8A1D6} = {D744DD7C-E3EA-469E-9855-0B3C857091AA}
		{6EB01FC4-087C-42B5-A88B-CE9A1731EF55} = {C19C0048-E17E-47D5-95F8-96DF0B97076A}
		{B23940CA-9C24-4755-BC99-BA5F818D60B6} = {D744DD7C-E3EA-469E-9855-0B3C857091AA}
		{9550FB79-A0F0-429F-9077-CDEAC7CE95DF} = {D744DD7C-E3EA-469E-9855-0B3C857091AA}
		{D80B273E-DA29-4E3F-AF2D-9250181EB754} = {C19C0048-E17E-47D5-95F8-96DF0B97076A}
		{240E7826-093D-41DD-B743-DC54915A2C94} = {D744DD7C-E3EA-469E-9855-0B3C857091AA}
		{3B9F5478-2B43-45F0-A941-D9FE8F37DE76} = {C19C0048-E17E-47D5-95F8-96DF0B97076A}
		{8F66CFA7-FB2D-4FFA-A57D-1E7DD2F3F6CE} = {D744DD7C-E3EA-469E-9855-0B3C857091AA}
		{514A4122-7165-435D-AFBC-059043AE796E} = {C19C0048-E17E-47D5-95F8-96DF0B97076A}
		{8E0C2B02-0C9C-4F53-9C32-048D8D23FE06} = {D744DD7C-E3EA-469E-9855-0B3C857091AA}
		{A8C1CDC1-FBD5-4D3C-A68E-25E755E20C23} = {C19C0048-E17E-47D5-95F8-96DF0B97076A}
	EndGlobalSection
	GlobalSection(ExtensibilityGlobals) = postSolution
		SolutionGuid = {E7588E17-DB7A-44DD-B155-0CDC3B239FE4}
	EndGlobalSection
EndGlobal
